
Microsoft Visual Studio Solution File, Format Version 12.00
# Visual Studio Version 16
VisualStudioVersion = 16.0.30011.22
MinimumVisualStudioVersion = 10.0.40219.1
Project("{FAE04EC0-301F-11D3-BF4B-00C04F79EFBC}") = "Calculator", "Calculator\Calculator.csproj", "{9E0E5C16-9FB9-4549-8F2D-D87B25C73A1F}"
EndProject
Global
	GlobalSection(SolutionConfigurationPlatforms) = preSolution
		Debug|Any CPU = Debug|Any CPU
		Release|Any CPU = Release|Any CPU
	EndGlobalSection
	GlobalSection(ProjectConfigurationPlatforms) = postSolution
		{9E0E5C16-9FB9-4549-8F2D-D87B25C73A1F}.Debug|Any CPU.ActiveCfg = Debug|Any CPU
		{9E0E5C16-9FB9-4549-8F2D-D87B25C73A1F}.Debug|Any CPU.Build.0 = Debug|Any CPU
		{9E0E5C16-9FB9-4549-8F2D-D87B25C73A1F}.Release|Any CPU.ActiveCfg = Release|Any CPU
		{9E0E5C16-9FB9-4549-8F2D-D87B25C73A1F}.Release|Any CPU.Build.0 = Release|Any CPU
	EndGlobalSection
	GlobalSection(SolutionProperties) = preSolution
		HideSolutionNode = FALSE
	EndGlobalSection
	GlobalSection(ExtensibilityGlobals) = postSolution
		SolutionGuid = {F0AB7278-E54E-430E-A6FA-3562C6FFDEF3}
	EndGlobalSection
EndGlobal
